{
  "lockfile-version": 1,
  "manifest": {
    "schema-version": "1.11.0",
    "install": {
      "arconia-cli-flake": {
        "flake": "github:thomasvitale/arconia-cli-flake"
      },
      "cosign": {
        "pkg-path": "cosign"
      },
      "go-task": {
        "pkg-path": "go-task"
      },
      "jq": {
        "pkg-path": "jq"
      },
      "oras": {
        "pkg-path": "oras"
      }
    },
    "vars": {
      "FLOX_DISABLE_METRICS": "true"
    },
    "hook": {},
    "profile": {},
    "options": {
      "systems": [
        "aarch64-darwin",
        "aarch64-linux",
        "x86_64-linux"
      ]
    }
  },
  "packages": [
    {
      "attr_path": "cosign",
      "broken": false,
      "derivation": "/nix/store/sc8ls53y44qjx0q37pa58363xpyg7lnh-cosign-3.0.6.drv",
      "description": "Container Signing CLI with support for ephemeral keys and Sigstore signing",
      "install_id": "cosign",
      "license": "Apache-2.0",
      "locked_url": "https://github.com/flox/nixpkgs?rev=4c1018dae018162ec878d42fec712642d214fdfa",
      "name": "cosign-3.0.6",
      "pname": "cosign",
      "rev": "4c1018dae018162ec878d42fec712642d214fdfa",
      "rev_count": 977467,
      "rev_date": "2026-04-09T04:48:10Z",
      "scrape_date": "2026-04-11T06:03:33.467780Z",
      "stabilities": [
        "unstable"
      ],
      "unfree": false,
      "version": "3.0.6",
      "outputs_to_install": [
        "out"
      ],
      "outputs": {
        "out": "/nix/store/3sl3hq2nv033zqb1gp1yq4rri75l4sal-cosign-3.0.6"
      },
      "system": "aarch64-darwin",
      "group": "toplevel",
      "priority": 5
    },
    {
      "attr_path": "cosign",
      "broken": false,
      "derivation": "/nix/store/060q3vc0fykjfxnmc20zskd8wwfaac3g-cosign-3.0.6.drv",
      "description": "Container Signing CLI with support for ephemeral keys and Sigstore signing",
      "install_id": "cosign",
      "license": "Apache-2.0",
      "locked_url": "https://github.com/flox/nixpkgs?rev=4c1018dae018162ec878d42fec712642d214fdfa",
      "name": "cosign-3.0.6",
      "pname": "cosign",
      "rev": "4c1018dae018162ec878d42fec712642d214fdfa",
      "rev_count": 977467,
      "rev_date": "2026-04-09T04:48:10Z",
      "scrape_date": "2026-04-11T06:34:59.073437Z",
      "stabilities": [
        "unstable"
      ],
      "unfree": false,
      "version": "3.0.6",
      "outputs_to_install": [
        "out"
      ],
      "outputs": {
        "out": "/nix/store/23xih77yd6ibf47fszpwypb7xp56rv40-cosign-3.0.6"
      },
      "system": "aarch64-linux",
      "group": "toplevel",
      "priority": 5
    },
    {
      "attr_path": "cosign",
      "broken": false,
      "derivation": "/nix/store/sy7cxpjk75rigr4j1s7n5hpnvwyn8r04-cosign-3.0.6.drv",
      "description": "Container Signing CLI with support for ephemeral keys and Sigstore signing",
      "install_id": "cosign",
      "license": "Apache-2.0",
      "locked_url": "https://github.com/flox/nixpkgs?rev=4c1018dae018162ec878d42fec712642d214fdfa",
      "name": "cosign-3.0.6",
      "pname": "cosign",
      "rev": "4c1018dae018162ec878d42fec712642d214fdfa",
      "rev_count": 977467,
      "rev_date": "2026-04-09T04:48:10Z",
      "scrape_date": "2026-04-11T07:39:13.216927Z",
      "stabilities": [
        "unstable"
      ],
      "unfree": false,
      "version": "3.0.6",
      "outputs_to_install": [
        "out"
      ],
      "outputs": {
        "out": "/nix/store/mhkdza8xk1jr641ih3p53wf20czs04d2-cosign-3.0.6"
      },
      "system": "x86_64-linux",
      "group": "toplevel",
      "priority": 5
    },
    {
      "attr_path": "go-task",
      "broken": false,
      "derivation": "/nix/store/d75iigh6jr411wnb6gk1dqwy6ybv4a07-go-task-3.48.0.drv",
      "description": "Task runner / simpler Make alternative written in Go",
      "install_id": "go-task",
      "license": "MIT",
      "locked_url": "https://github.com/flox/nixpkgs?rev=4c1018dae018162ec878d42fec712642d214fdfa",
      "name": "go-task-3.48.0",
      "pname": "go-task",
      "rev": "4c1018dae018162ec878d42fec712642d214fdfa",
      "rev_count": 977467,
      "rev_date": "2026-04-09T04:48:10Z",
      "scrape_date": "2026-04-11T06:03:34.376670Z",
      "stabilities": [
        "unstable"
      ],
      "unfree": false,
      "version": "3.48.0",
      "outputs_to_install": [
        "out"
      ],
      "outputs": {
        "out": "/nix/store/sab4xhgi6cs6rnxsx33dxqg2zcir52rm-go-task-3.48.0"
      },
      "system": "aarch64-darwin",
      "group": "toplevel",
      "priority": 5
    },
    {
      "attr_path": "go-task",
      "broken": false,
      "derivation": "/nix/store/4yafn203k3iq871ahgmlk39lyb976lvr-go-task-3.48.0.drv",
      "description": "Task runner / simpler Make alternative written in Go",
      "install_id": "go-task",
      "license": "MIT",
      "locked_url": "https://github.com/flox/nixpkgs?rev=4c1018dae018162ec878d42fec712642d214fdfa",
      "name": "go-task-3.48.0",
      "pname": "go-task",
      "rev": "4c1018dae018162ec878d42fec712642d214fdfa",
      "rev_count": 977467,
      "rev_date": "2026-04-09T04:48:10Z",
      "scrape_date": "2026-04-11T06:35:00.986483Z",
      "stabilities": [
        "unstable"
      ],
      "unfree": false,
      "version": "3.48.0",
      "outputs_to_install": [
        "out"
      ],
      "outputs": {
        "out": "/nix/store/cidnjfhcp1qyxjih6qaa61hfyxy5k5ap-go-task-3.48.0"
      },
      "system": "aarch64-linux",
      "group": "toplevel",
      "priority": 5
    },
    {
      "attr_path": "go-task",
      "broken": false,
      "derivation": "/nix/store/f2xbx67ryzzcxd851bwnc5jcgxb4a032-go-task-3.48.0.drv",
      "description": "Task runner / simpler Make alternative written in Go",
      "install_id": "go-task",
      "license": "MIT",
      "locked_url": "https://github.com/flox/nixpkgs?rev=4c1018dae018162ec878d42fec712642d214fdfa",
      "name": "go-task-3.48.0",
      "pname": "go-task",
      "rev": "4c1018dae018162ec878d42fec712642d214fdfa",
      "rev_count": 977467,
      "rev_date": "2026-04-09T04:48:10Z",
      "scrape_date": "2026-04-11T07:39:15.248586Z",
      "stabilities": [
        "unstable"
      ],
      "unfree": false,
      "version": "3.48.0",
      "outputs_to_install": [
        "out"
      ],
      "outputs": {
        "out": "/nix/store/qxs1p264gzz3nficzss2nsp7fs5cdi31-go-task-3.48.0"
      },
      "system": "x86_64-linux",
      "group": "toplevel",
      "priority": 5
    },
    {
      "attr_path": "jq",
      "broken": false,
      "derivation": "/nix/store/y1glsdj47nwma5cg6gkwxaidlcqdvmv1-jq-1.8.1.drv",
      "description": "Lightweight and flexible command-line JSON processor",
      "install_id": "jq",
      "license": "MIT",
      "locked_url": "https://github.com/flox/nixpkgs?rev=4c1018dae018162ec878d42fec712642d214fdfa",
      "name": "jq-1.8.1",
      "pname": "jq",
      "rev": "4c1018dae018162ec878d42fec712642d214fdfa",
      "rev_count": 977467,
      "rev_date": "2026-04-09T04:48:10Z",
      "scrape_date": "2026-04-11T06:03:49.950832Z",
      "stabilities": [
        "unstable"
      ],
      "unfree": false,
      "version": "1.8.1",
      "outputs_to_install": [
        "bin",
        "bin",
        "bin",
        "man",
        "man",
        "man"
      ],
      "outputs": {
        "bin": "/nix/store/bb450vb2gl547zwba8sihcyilsg2rqfa-jq-1.8.1-bin",
        "dev": "/nix/store/irxgyhi0rq34f2y721a26ii09nynq2ha-jq-1.8.1-dev",
        "doc": "/nix/store/rnkk37licxmcicz44sm368bk2fsrk52j-jq-1.8.1-doc",
        "man": "/nix/store/vs96fwfhd5gjycxs5yc58wkrizscww92-jq-1.8.1-man",
        "out": "/nix/store/y4gq3lbz2nq75cl3v28ixrqrr90pk4lf-jq-1.8.1"
      },
      "system": "aarch64-darwin",
      "group": "toplevel",
      "priority": 5
    },
    {
      "attr_path": "jq",
      "broken": false,
      "derivation": "/nix/store/r7xkf6ii1frn2kcdwb48mbwbvikldhmy-jq-1.8.1.drv",
      "description": "Lightweight and flexible command-line JSON processor",
      "install_id": "jq",
      "license": "MIT",
      "locked_url": "https://github.com/flox/nixpkgs?rev=4c1018dae018162ec878d42fec712642d214fdfa",
      "name": "jq-1.8.1",
      "pname": "jq",
      "rev": "4c1018dae018162ec878d42fec712642d214fdfa",
      "rev_count": 977467,
      "rev_date": "2026-04-09T04:48:10Z",
      "scrape_date": "2026-04-11T06:35:21.237723Z",
      "stabilities": [
        "unstable"
      ],
      "unfree": false,
      "version": "1.8.1",
      "outputs_to_install": [
        "bin",
        "bin",
        "bin",
        "man",
        "man"
      ],
      "outputs": {
        "bin": "/nix/store/h68aklwk28xbrg7pqaw078w1hvvvf419-jq-1.8.1-bin",
        "dev": "/nix/store/kzsszlf69lndqilpgysw1j9b4hrfwjfx-jq-1.8.1-dev",
        "doc": "/nix/store/rr0a4brsd47393640zn9zgw844rbkrsl-jq-1.8.1-doc",
        "man": "/nix/store/l4npc0sgk51lz2d6jqnl4r18hmn6qckr-jq-1.8.1-man",
        "out": "/nix/store/5jf55qkwrnd769ri9wxiy7z9kp5zb4ca-jq-1.8.1"
      },
      "system": "aarch64-linux",
      "group": "toplevel",
      "priority": 5
    },
    {
      "attr_path": "jq",
      "broken": false,
      "derivation": "/nix/store/0vb08cn5pf24mzjbibpc7n37g62lacfj-jq-1.8.1.drv",
      "description": "Lightweight and flexible command-line JSON processor",
      "install_id": "jq",
      "license": "MIT",
      "locked_url": "https://github.com/flox/nixpkgs?rev=4c1018dae018162ec878d42fec712642d214fdfa",
      "name": "jq-1.8.1",
      "pname": "jq",
      "rev": "4c1018dae018162ec878d42fec712642d214fdfa",
      "rev_count": 977467,
      "rev_date": "2026-04-09T04:48:10Z",
      "scrape_date": "2026-04-11T07:39:35.046735Z",
      "stabilities": [
        "unstable"
      ],
      "unfree": false,
      "version": "1.8.1",
      "outputs_to_install": [
        "bin",
        "bin",
        "bin",
        "man"
      ],
      "outputs": {
        "bin": "/nix/store/fc13hvlj7541i1xmwdka7f61qicdzr5a-jq-1.8.1-bin",
        "dev": "/nix/store/plinh1rzkh83n4gfpkxl748zgaydpxll-jq-1.8.1-dev",
        "doc": "/nix/store/ihgrvb9w91mwbhxx3fi3gcwwx3qlsdfv-jq-1.8.1-doc",
        "man": "/nix/store/crwv17pim6csnfr4jmsd7kf60sp3c5dh-jq-1.8.1-man",
        "out": "/nix/store/s4w1j16dj8wyriv1ljfypr9s1r39yjwp-jq-1.8.1"
      },
      "system": "x86_64-linux",
      "group": "toplevel",
      "priority": 5
    },
    {
      "attr_path": "oras",
      "broken": false,
      "derivation": "/nix/store/yayhw5abfr4gm0h5p97f49izxq200f8n-oras-1.3.0.drv",
      "description": "Distribute artifacts across OCI registries with ease",
      "install_id": "oras",
      "license": "Apache-2.0",
      "locked_url": "https://github.com/flox/nixpkgs?rev=4c1018dae018162ec878d42fec712642d214fdfa",
      "name": "oras-1.3.0",
      "pname": "oras",
      "rev": "4c1018dae018162ec878d42fec712642d214fdfa",
      "rev_count": 977467,
      "rev_date": "2026-04-09T04:48:10Z",
      "scrape_date": "2026-04-11T06:04:03.169244Z",
      "stabilities": [
        "unstable"
      ],
      "unfree": false,
      "version": "1.3.0",
      "outputs_to_install": [
        "out"
      ],
      "outputs": {
        "out": "/nix/store/lyyv71fvbim4aa48cwcj040xr1rnasxc-oras-1.3.0"
      },
      "system": "aarch64-darwin",
      "group": "toplevel",
      "priority": 5
    },
    {
      "attr_path": "oras",
      "broken": false,
      "derivation": "/nix/store/m5rc0q07jwa0ca5bimr4sk0hv2ji3sr7-oras-1.3.0.drv",
      "description": "Distribute artifacts across OCI registries with ease",
      "install_id": "oras",
      "license": "Apache-2.0",
      "locked_url": "https://github.com/flox/nixpkgs?rev=4c1018dae018162ec878d42fec712642d214fdfa",
      "name": "oras-1.3.0",
      "pname": "oras",
      "rev": "4c1018dae018162ec878d42fec712642d214fdfa",
      "rev_count": 977467,
      "rev_date": "2026-04-09T04:48:10Z",
      "scrape_date": "2026-04-11T06:35:43.522870Z",
      "stabilities": [
        "unstable"
      ],
      "unfree": false,
      "version": "1.3.0",
      "outputs_to_install": [
        "out"
      ],
      "outputs": {
        "out": "/nix/store/9gmijphg4hzm023k0klx7w4yz54f349q-oras-1.3.0"
      },
      "system": "aarch64-linux",
      "group": "toplevel",
      "priority": 5
    },
    {
      "attr_path": "oras",
      "broken": false,
      "derivation": "/nix/store/zh6092hkzjmchvvj6kj643l3chynphj7-oras-1.3.0.drv",
      "description": "Distribute artifacts across OCI registries with ease",
      "install_id": "oras",
      "license": "Apache-2.0",
      "locked_url": "https://github.com/flox/nixpkgs?rev=4c1018dae018162ec878d42fec712642d214fdfa",
      "name": "oras-1.3.0",
      "pname": "oras",
      "rev": "4c1018dae018162ec878d42fec712642d214fdfa",
      "rev_count": 977467,
      "rev_date": "2026-04-09T04:48:10Z",
      "scrape_date": "2026-04-11T07:40:00.020970Z",
      "stabilities": [
        "unstable"
      ],
      "unfree": false,
      "version": "1.3.0",
      "outputs_to_install": [
        "out"
      ],
      "outputs": {
        "out": "/nix/store/g95qqlpjrdxvh34hhcj09yj3r4x5ngns-oras-1.3.0"
      },
      "system": "x86_64-linux",
      "group": "toplevel",
      "priority": 5
    },
    {
      "install_id": "arconia-cli-flake",
      "locked-url": "github:thomasvitale/arconia-cli-flake/66fffac2d39fbc553a804e0839696bd15563229c?narHash=sha256-aoC/dxFlT6Lc/0FEnEqv6THEb7XRUf1XV8XSGVjBQ0c%3D",
      "flake-description": "Arconia CLI",
      "locked-flake-attr-path": "packages.aarch64-darwin.default",
      "derivation": "/nix/store/ir4f5xp4bxcqnhppx3cyyfykyp1l7w9a-arconia-0.14.0.drv",
      "outputs": {
        "out": "/nix/store/pnpqgk5bd7165rrb3j3b03041kyspama-arconia-0.14.0"
      },
      "output-names": [
        "out"
      ],
      "outputs-to-install": [
        "out"
      ],
      "requested-outputs-to-install": [],
      "package-system": "aarch64-darwin",
      "system": "aarch64-darwin",
      "name": "arconia-0.14.0",
      "pname": "arconia",
      "version": "0.14.0",
      "broken": false,
      "unfree": false,
      "priority": 5
    },
    {
      "install_id": "arconia-cli-flake",
      "locked-url": "github:thomasvitale/arconia-cli-flake/66fffac2d39fbc553a804e0839696bd15563229c?narHash=sha256-aoC/dxFlT6Lc/0FEnEqv6THEb7XRUf1XV8XSGVjBQ0c%3D",
      "flake-description": "Arconia CLI",
      "locked-flake-attr-path": "packages.aarch64-linux.default",
      "derivation": "/nix/store/b3l68ky7ijh01zk609c5mfv5wm32h7xs-arconia-0.14.0.drv",
      "outputs": {
        "out": "/nix/store/xzvapvbnv5qb8ccyvwm69v9gvi81v2x8-arconia-0.14.0"
      },
      "output-names": [
        "out"
      ],
      "outputs-to-install": [
        "out"
      ],
      "requested-outputs-to-install": [],
      "package-system": "aarch64-linux",
      "system": "aarch64-linux",
      "name": "arconia-0.14.0",
      "pname": "arconia",
      "version": "0.14.0",
      "broken": false,
      "unfree": false,
      "priority": 5
    },
    {
      "install_id": "arconia-cli-flake",
      "locked-url": "github:thomasvitale/arconia-cli-flake/66fffac2d39fbc553a804e0839696bd15563229c?narHash=sha256-aoC/dxFlT6Lc/0FEnEqv6THEb7XRUf1XV8XSGVjBQ0c%3D",
      "flake-description": "Arconia CLI",
      "locked-flake-attr-path": "packages.x86_64-linux.default",
      "derivation": "/nix/store/54b95lbyah36vm5fazjw22q4s1nqbpr2-arconia-0.14.0.drv",
      "outputs": {
        "out": "/nix/store/yi88ya555qc0hsj45f8mhcdp6kr8xs2z-arconia-0.14.0"
      },
      "output-names": [
        "out"
      ],
      "outputs-to-install": [
        "out"
      ],
      "requested-outputs-to-install": [],
      "package-system": "x86_64-linux",
      "system": "x86_64-linux",
      "name": "arconia-0.14.0",
      "pname": "arconia",
      "version": "0.14.0",
      "broken": false,
      "unfree": false,
      "priority": 5
    }
  ]
}
